// !$*UTF8*$!
{
	archiveVersion = 1;
	classes = {
	};
	objectVersion = 77;
	objects = {

/* Begin PBXBuildFile section */
		F3A000012FB3000000DC8A0F /* Sparkle in Frameworks */ = {isa = PBXBuildFile; productRef = F3A000002FB3000000DC8A0F /* Sparkle */; };
/* End PBXBuildFile section */

/* Begin PBXContainerItemProxy section */
		F38CF1782FB2A07200DC8A0F /* PBXContainerItemProxy */ = {
			isa = PBXContainerItemProxy;
			containerPortal = F38CF1602FB2A07100DC8A0F /* Project object */;
			proxyType = 1;
			remoteGlobalIDString = F38CF1672FB2A07100DC8A0F;
			remoteInfo = clipboard;
		};
		F38CF1822FB2A07200DC8A0F /* PBXContainerItemProxy */ = {
			isa = PBXContainerItemProxy;
			containerPortal = F38CF1602FB2A07100DC8A0F /* Project object */;
			proxyType = 1;
			remoteGlobalIDString = F38CF1672FB2A07100DC8A0F;
			remoteInfo = clipboard;
		};
/* End PBXContainerItemProxy section */

/* Begin PBXFileReference section */
		F38CF1682FB2A07100DC8A0F /* clipboard.app */ = {isa = PBXFileReference; explicitFileType = wrapper.application; includeInIndex = 0; path = clipboard.app; sourceTree = BUILT_PRODUCTS_DIR; };
		F38CF1772FB2A07200DC8A0F /* clipboardTests.xctest */ = {isa = PBXFileReference; explicitFileType = wrapper.cfbundle; includeInIndex = 0; path = clipboardTests.xctest; sourceTree = BUILT_PRODUCTS_DIR; };
		F38CF1812FB2A07200DC8A0F /* clipboardUITests.xctest */ = {isa = PBXFileReference; explicitFileType = wrapper.cfbundle; includeInIndex = 0; path = clipboardUITests.xctest; sourceTree = BUILT_PRODUCTS_DIR; };
/* End PBXFileReference section */

/* Begin PBXFileSystemSynchronizedRootGroup section */
		F38CF16A2FB2A07100DC8A0F /* clipboard */ = {
			isa = PBXFileSystemSynchronizedRootGroup;
			path = clipboard;
			sourceTree = "<group>";
		};
		F38CF17A2FB2A07200DC8A0F /* clipboardTests */ = {
			isa = PBXFileSystemSynchronizedRootGroup;
			path = clipboardTests;
			sourceTree = "<group>";
		};
		F38CF1842FB2A07200DC8A0F /* clipboardUITests */ = {
			isa = PBXFileSystemSynchronizedRootGroup;
			path = clipboardUITests;
			sourceTree = "<group>";
		};
/* End PBXFileSystemSynchronizedRootGroup section */

/* Begin PBXFrameworksBuildPhase section */
		F38CF1652FB2A07100DC8A0F /* Frameworks */ = {
			isa = PBXFrameworksBuildPhase;
			buildActionMask = 2147483647;
			files = (
				F3A000012FB3000000DC8A0F /* Sparkle in Frameworks */,
			);
			runOnlyForDeploymentPostprocessing = 0;
		};
		F38CF1742FB2A07200DC8A0F /* Frameworks */ = {
			isa = PBXFrameworksBuildPhase;
			buildActionMask = 2147483647;
			files = (
			);
			runOnlyForDeploymentPostprocessing = 0;
		};
		F38CF17E2FB2A07200DC8A0F /* Frameworks */ = {
			isa = PBXFrameworksBuildPhase;
			buildActionMask = 2147483647;
			files = (
			);
			runOnlyForDeploymentPostprocessing = 0;
		};
/* End PBXFrameworksBuildPhase section */

/* Begin PBXGroup section */
		F38CF15F2FB2A07100DC8A0F = {
			isa = PBXGroup;
			children = (
				F38CF16A2FB2A07100DC8A0F /* clipboard */,
				F38CF17A2FB2A07200DC8A0F /* clipboardTests */,
				F38CF1842FB2A07200DC8A0F /* clipboardUITests */,
				F38CF1692FB2A07100DC8A0F /* Products */,
			);
			sourceTree = "<group>";
		};
		F38CF1692FB2A07100DC8A0F /* Products */ = {
			isa = PBXGroup;
			children = (
				F38CF1682FB2A07100DC8A0F /* clipboard.app */,
				F38CF1772FB2A07200DC8A0F /* clipboardTests.xctest */,
				F38CF1812FB2A07200DC8A0F /* clipboardUITests.xctest */,
			);
			name = Products;
			sourceTree = "<group>";
		};
/* End PBXGroup section */

/* Begin PBXNativeTarget section */
		F38CF1672FB2A07100DC8A0F /* clipboard */ = {
			isa = PBXNativeTarget;
			buildConfigurationList = F38CF18B2FB2A07200DC8A0F /* Build configuration list for PBXNativeTarget "clipboard" */;
			buildPhases = (
				F38CF1642FB2A07100DC8A0F /* Sources */,
				F38CF1652FB2A07100DC8A0F /* Frameworks */,
				F38CF1662FB2A07100DC8A0F /* Resources */,
			);
			buildRules = (
			);
			dependencies = (
			);
			fileSystemSynchronizedGroups = (
				F38CF16A2FB2A07100DC8A0F /* clipboard */,
			);
			name = clipboard;
			packageProductDependencies = (
				F3A000002FB3000000DC8A0F /* Sparkle */,
			);
			productName = clipboard;
			productReference = F38CF1682FB2A07100DC8A0F /* clipboard.app */;
			productType = "com.apple.product-type.application";
		};
		F38CF1762FB2A07200DC8A0F /* clipboardTests */ = {
			isa = PBXNativeTarget;
			buildConfigurationList = F38CF18E2FB2A07200DC8A0F /* Build configuration list for PBXNativeTarget "clipboardTests" */;
			buildPhases = (
				F38CF1732FB2A07200DC8A0F /* Sources */,
				F38CF1742FB2A07200DC8A0F /* Frameworks */,
				F38CF1752FB2A07200DC8A0F /* Resources */,
			);
			buildRules = (
			);
			dependencies = (
				F38CF1792FB2A07200DC8A0F /* PBXTargetDependency */,
			);
			fileSystemSynchronizedGroups = (
				F38CF17A2FB2A07200DC8A0F /* clipboardTests */,
			);
			name = clipboardTests;
			packageProductDependencies = (
			);
			productName = clipboardTests;
			productReference = F38CF1772FB2A07200DC8A0F /* clipboardTests.xctest */;
			productType = "com.apple.product-type.bundle.unit-test";
		};
		F38CF1802FB2A07200DC8A0F /* clipboardUITests */ = {
			isa = PBXNativeTarget;
			buildConfigurationList = F38CF1912FB2A07200DC8A0F /* Build configuration list for PBXNativeTarget "clipboardUITests" */;
			buildPhases = (
				F38CF17D2FB2A07200DC8A0F /* Sources */,
				F38CF17E2FB2A07200DC8A0F /* Frameworks */,
				F38CF17F2FB2A07200DC8A0F /* Resources */,
			);
			buildRules = (
			);
			dependencies = (
				F38CF1832FB2A07200DC8A0F /* PBXTargetDependency */,
			);
			fileSystemSynchronizedGroups = (
				F38CF1842FB2A07200DC8A0F /* clipboardUITests */,
			);
			name = clipboardUITests;
			packageProductDependencies = (
			);
			productName = clipboardUITests;
			productReference = F38CF1812FB2A07200DC8A0F /* clipboardUITests.xctest */;
			productType = "com.apple.product-type.bundle.ui-testing";
		};
/* End PBXNativeTarget section */

/* Begin PBXProject section */
		F38CF1602FB2A07100DC8A0F /* Project object */ = {
			isa = PBXProject;
			attributes = {
				BuildIndependentTargetsInParallel = 1;
				LastSwiftUpdateCheck = 2640;
				LastUpgradeCheck = 2640;
				TargetAttributes = {
					F38CF1672FB2A07100DC8A0F = {
						CreatedOnToolsVersion = 26.4.1;
					};
					F38CF1762FB2A07200DC8A0F = {
						CreatedOnToolsVersion = 26.4.1;
						TestTargetID = F38CF1672FB2A07100DC8A0F;
					};
					F38CF1802FB2A07200DC8A0F = {
						CreatedOnToolsVersion = 26.4.1;
						TestTargetID = F38CF1672FB2A07100DC8A0F;
					};
				};
			};
			buildConfigurationList = F38CF1632FB2A07100DC8A0F /* Build configuration list for PBXProject "clipboard" */;
			developmentRegion = en;
			hasScannedForEncodings = 0;
			knownRegions = (
				en,
				Base,
			);
			mainGroup = F38CF15F2FB2A07100DC8A0F;
			minimizedProjectReferenceProxies = 1;
			packageReferences = (
				F3A000022FB3000000DC8A0F /* XCRemoteSwiftPackageReference "Sparkle" */,
			);
			preferredProjectObjectVersion = 77;
			productRefGroup = F38CF1692FB2A07100DC8A0F /* Products */;
			projectDirPath = "";
			projectRoot = "";
			targets = (
				F38CF1672FB2A07100DC8A0F /* clipboard */,
				F38CF1762FB2A07200DC8A0F /* clipboardTests */,
				F38CF1802FB2A07200DC8A0F /* clipboardUITests */,
			);
		};
/* End PBXProject section */

/* Begin PBXResourcesBuildPhase section */
		F38CF1662FB2A07100DC8A0F /* Resources */ = {
			isa = PBXResourcesBuildPhase;
			buildActionMask = 2147483647;
			files = (
			);
			runOnlyForDeploymentPostprocessing = 0;
		};
		F38CF1752FB2A07200DC8A0F /* Resources */ = {
			isa = PBXResourcesBuildPhase;
			buildActionMask = 2147483647;
			files = (
			);
			runOnlyForDeploymentPostprocessing = 0;
		};
		F38CF17F2FB2A07200DC8A0F /* Resources */ = {
			isa = PBXResourcesBuildPhase;
			buildActionMask = 2147483647;
			files = (
			);
			runOnlyForDeploymentPostprocessing = 0;
		};
/* End PBXResourcesBuildPhase section */

/* Begin PBXSourcesBuildPhase section */
		F38CF1642FB2A07100DC8A0F /* Sources */ = {
			isa = PBXSourcesBuildPhase;
			buildActionMask = 2147483647;
			files = (
			);
			runOnlyForDeploymentPostprocessing = 0;
		};
		F38CF1732FB2A07200DC8A0F /* Sources */ = {
			isa = PBXSourcesBuildPhase;
			buildActionMask = 2147483647;
			files = (
			);
			runOnlyForDeploymentPostprocessing = 0;
		};
		F38CF17D2FB2A07200DC8A0F /* Sources */ = {
			isa = PBXSourcesBuildPhase;
			buildActionMask = 2147483647;
			files = (
			);
			runOnlyForDeploymentPostprocessing = 0;
		};
/* End PBXSourcesBuildPhase section */

/* Begin PBXTargetDependency section */
		F38CF1792FB2A07200DC8A0F /* PBXTargetDependency */ = {
			isa = PBXTargetDependency;
			target = F38CF1672FB2A07100DC8A0F /* clipboard */;
			targetProxy = F38CF1782FB2A07200DC8A0F /* PBXContainerItemProxy */;
		};
		F38CF1832FB2A07200DC8A0F /* PBXTargetDependency */ = {
			isa = PBXTargetDependency;
			target = F38CF1672FB2A07100DC8A0F /* clipboard */;
			targetProxy = F38CF1822FB2A07200DC8A0F /* PBXContainerItemProxy */;
		};
/* End PBXTargetDependency section */

/* Begin XCBuildConfiguration section */
		F38CF1892FB2A07200DC8A0F /* Debug */ = {
			isa = XCBuildConfiguration;
			buildSettings = {
				ALWAYS_SEARCH_USER_PATHS = NO;
				ASSETCATALOG_COMPILER_GENERATE_SWIFT_ASSET_SYMBOL_EXTENSIONS = YES;
				CLANG_ANALYZER_NONNULL = YES;
				CLANG_ANALYZER_NUMBER_OBJECT_CONVERSION = YES_AGGRESSIVE;
				CLANG_CXX_LANGUAGE_STANDARD = "gnu++20";
				CLANG_ENABLE_MODULES = YES;
				CLANG_ENABLE_OBJC_ARC = YES;
				CLANG_ENABLE_OBJC_WEAK = YES;
				CLANG_WARN_BLOCK_CAPTURE_AUTORELEASING = YES;
				CLANG_WARN_BOOL_CONVERSION = YES;
				CLANG_WARN_COMMA = YES;
				CLANG_WARN_CONSTANT_CONVERSION = YES;
				CLANG_WARN_DEPRECATED_OBJC_IMPLEMENTATIONS = YES;
				CLANG_WARN_DIRECT_OBJC_ISA_USAGE = YES_ERROR;
				CLANG_WARN_DOCUMENTATION_COMMENTS = YES;
				CLANG_WARN_EMPTY_BODY = YES;
				CLANG_WARN_ENUM_CONVERSION = YES;
				CLANG_WARN_INFINITE_RECURSION = YES;
				CLANG_WARN_INT_CONVERSION = YES;
				CLANG_WARN_NON_LITERAL_NULL_CONVERSION = YES;
				CLANG_WARN_OBJC_IMPLICIT_RETAIN_SELF = YES;
				CLANG_WARN_OBJC_LITERAL_CONVERSION = YES;
				CLANG_WARN_OBJC_ROOT_CLASS = YES_ERROR;
				CLANG_WARN_QUOTED_INCLUDE_IN_FRAMEWORK_HEADER = YES;
				CLANG_WARN_RANGE_LOOP_ANALYSIS = YES;
				CLANG_WARN_STRICT_PROTOTYPES = YES;
				CLANG_WARN_SUSPICIOUS_MOVE = YES;
				CLANG_WARN_UNGUARDED_AVAILABILITY = YES_AGGRESSIVE;
				CLANG_WARN_UNREACHABLE_CODE = YES;
				CLANG_WARN__DUPLICATE_METHOD_MATCH = YES;
				COPY_PHASE_STRIP = NO;
				DEBUG_INFORMATION_FORMAT = dwarf;
				DEVELOPMENT_TEAM = LQ5TTAJ958;
				ENABLE_STRICT_OBJC_MSGSEND = YES;
				ENABLE_TESTABILITY = YES;
				ENABLE_USER_SCRIPT_SANDBOXING = YES;
				GCC_C_LANGUAGE_STANDARD = gnu17;
				GCC_DYNAMIC_NO_PIC = NO;
				GCC_NO_COMMON_BLOCKS = YES;
				GCC_OPTIMIZATION_LEVEL = 0;
				GCC_PREPROCESSOR_DEFINITIONS = (
					"DEBUG=1",
					"$(inherited)",
				);
				GCC_WARN_64_TO_32_BIT_CONVERSION = YES;
				GCC_WARN_ABOUT_RETURN_TYPE = YES_ERROR;
				GCC_WARN_UNDECLARED_SELECTOR = YES;
				GCC_WARN_UNINITIALIZED_AUTOS = YES_AGGRESSIVE;
				GCC_WARN_UNUSED_FUNCTION = YES;
				GCC_WARN_UNUSED_VARIABLE = YES;
				LOCALIZATION_PREFERS_STRING_CATALOGS = YES;
				MACOSX_DEPLOYMENT_TARGET = 26.4;
				MTL_ENABLE_DEBUG_INFO = INCLUDE_SOURCE;
				MTL_FAST_MATH = YES;
				ONLY_ACTIVE_ARCH = YES;
				SDKROOT = macosx;
				SWIFT_ACTIVE_COMPILATION_CONDITIONS = "DEBUG $(inherited)";
				SWIFT_OPTIMIZATION_LEVEL = "-Onone";
			};
			name = Debug;
		};
		F38CF18A2FB2A07200DC8A0F /* Release */ = {
			isa = XCBuildConfiguration;
			buildSettings = {
				ALWAYS_SEARCH_USER_PATHS = NO;
				ASSETCATALOG_COMPILER_GENERATE_SWIFT_ASSET_SYMBOL_EXTENSIONS = YES;
				CLANG_ANALYZER_NONNULL = YES;
				CLANG_ANALYZER_NUMBER_OBJECT_CONVERSION = YES_AGGRESSIVE;
				CLANG_CXX_LANGUAGE_STANDARD = "gnu++20";
				CLANG_ENABLE_MODULES = YES;
				CLANG_ENABLE_OBJC_ARC = YES;
				CLANG_ENABLE_OBJC_WEAK = YES;
				CLANG_WARN_BLOCK_CAPTURE_AUTORELEASING = YES;
				CLANG_WARN_BOOL_CONVERSION = YES;
				CLANG_WARN_COMMA = YES;
				CLANG_WARN_CONSTANT_CONVERSION = YES;
				CLANG_WARN_DEPRECATED_OBJC_IMPLEMENTATIONS = YES;
				CLANG_WARN_DIRECT_OBJC_ISA_USAGE = YES_ERROR;
				CLANG_WARN_DOCUMENTATION_COMMENTS = YES;
				CLANG_WARN_EMPTY_BODY = YES;
				CLANG_WARN_ENUM_CONVERSION = YES;
				CLANG_WARN_INFINITE_RECURSION = YES;
				CLANG_WARN_INT_CONVERSION = YES;
				CLANG_WARN_NON_LITERAL_NULL_CONVERSION = YES;
				CLANG_WARN_OBJC_IMPLICIT_RETAIN_SELF = YES;
				CLANG_WARN_OBJC_LITERAL_CONVERSION = YES;
				CLANG_WARN_OBJC_ROOT_CLASS = YES_ERROR;
				CLANG_WARN_QUOTED_INCLUDE_IN_FRAMEWORK_HEADER = YES;
				CLANG_WARN_RANGE_LOOP_ANALYSIS = YES;
				CLANG_WARN_STRICT_PROTOTYPES = YES;
				CLANG_WARN_SUSPICIOUS_MOVE = YES;
				CLANG_WARN_UNGUARDED_AVAILABILITY = YES_AGGRESSIVE;
				CLANG_WARN_UNREACHABLE_CODE = YES;
				CLANG_WARN__DUPLICATE_METHOD_MATCH = YES;
				COPY_PHASE_STRIP = NO;
				DEBUG_INFORMATION_FORMAT = "dwarf-with-dsym";
				DEVELOPMENT_TEAM = LQ5TTAJ958;
				ENABLE_NS_ASSERTIONS = NO;
				ENABLE_STRICT_OBJC_MSGSEND = YES;
				ENABLE_USER_SCRIPT_SANDBOXING = YES;
				GCC_C_LANGUAGE_STANDARD = gnu17;
				GCC_NO_COMMON_BLOCKS = YES;
				GCC_WARN_64_TO_32_BIT_CONVERSION = YES;
				GCC_WARN_ABOUT_RETURN_TYPE = YES_ERROR;
				GCC_WARN_UNDECLARED_SELECTOR = YES;
				GCC_WARN_UNINITIALIZED_AUTOS = YES_AGGRESSIVE;
				GCC_WARN_UNUSED_FUNCTION = YES;
				GCC_WARN_UNUSED_VARIABLE = YES;
				LOCALIZATION_PREFERS_STRING_CATALOGS = YES;
				MACOSX_DEPLOYMENT_TARGET = 26.4;
				MTL_ENABLE_DEBUG_INFO = NO;
				MTL_FAST_MATH = YES;
				SDKROOT = macosx;
				SWIFT_COMPILATION_MODE = wholemodule;
			};
			name = Release;
		};
		F38CF18C2FB2A07200DC8A0F /* Debug */ = {
			isa = XCBuildConfiguration;
			buildSettings = {
				ASSETCATALOG_COMPILER_APPICON_NAME = AppIcon;
				ASSETCATALOG_COMPILER_GLOBAL_ACCENT_COLOR_NAME = AccentColor;
				CODE_SIGN_ENTITLEMENTS = clipboard/clipboard.entitlements;
				CODE_SIGN_STYLE = Automatic;
				COMBINE_HIDPI_IMAGES = YES;
				CURRENT_PROJECT_VERSION = 2;
				DEVELOPMENT_TEAM = LQ5TTAJ958;
				ENABLE_APP_SANDBOX = YES;
				ENABLE_HARDENED_RUNTIME = YES;
				ENABLE_OUTGOING_NETWORK_CONNECTIONS = YES;
				ENABLE_PREVIEWS = YES;
				ENABLE_USER_SELECTED_FILES = readonly;
				GENERATE_INFOPLIST_FILE = YES;
				INFOPLIST_KEY_CFBundleDisplayName = "T clipboard";
				INFOPLIST_KEY_CFBundleName = "T clipboard";
				INFOPLIST_KEY_NSHumanReadableCopyright = "";
				INFOPLIST_KEY_SUEnableInstallerLauncherService = YES;
				INFOPLIST_KEY_SUEnableAutomaticChecks = YES;
				INFOPLIST_KEY_SUFeedURL = "$(SPARKLE_FEED_URL)";
				INFOPLIST_KEY_SUPublicEDKey = "$(SPARKLE_PUBLIC_ED_KEY)";
				LD_RUNPATH_SEARCH_PATHS = (
					"$(inherited)",
					"@executable_path/../Frameworks",
				);
				MARKETING_VERSION = 1.0.1;
				PRODUCT_BUNDLE_IDENTIFIER = com.tuimai.clipboard;
				PRODUCT_NAME = "$(TARGET_NAME)";
				REGISTER_APP_GROUPS = YES;
				SPARKLE_FEED_URL = "";
				SPARKLE_PUBLIC_ED_KEY = "";
				STRING_CATALOG_GENERATE_SYMBOLS = YES;
				SWIFT_APPROACHABLE_CONCURRENCY = YES;
				SWIFT_DEFAULT_ACTOR_ISOLATION = MainActor;
				SWIFT_EMIT_LOC_STRINGS = YES;
				SWIFT_UPCOMING_FEATURE_MEMBER_IMPORT_VISIBILITY = YES;
				SWIFT_VERSION = 5.0;
			};
			name = Debug;
		};
		F38CF18D2FB2A07200DC8A0F /* Release */ = {
			isa = XCBuildConfiguration;
			buildSettings = {
				ASSETCATALOG_COMPILER_APPICON_NAME = AppIcon;
				ASSETCATALOG_COMPILER_GLOBAL_ACCENT_COLOR_NAME = AccentColor;
				CODE_SIGN_ENTITLEMENTS = clipboard/clipboard.entitlements;
				CODE_SIGN_STYLE = Automatic;
				COMBINE_HIDPI_IMAGES = YES;
				CURRENT_PROJECT_VERSION = 2;
				DEVELOPMENT_TEAM = LQ5TTAJ958;
				ENABLE_APP_SANDBOX = YES;
				ENABLE_HARDENED_RUNTIME = YES;
				ENABLE_OUTGOING_NETWORK_CONNECTIONS = YES;
				ENABLE_PREVIEWS = YES;
				ENABLE_USER_SELECTED_FILES = readonly;
				GENERATE_INFOPLIST_FILE = YES;
				INFOPLIST_KEY_CFBundleDisplayName = "T clipboard";
				INFOPLIST_KEY_CFBundleName = "T clipboard";
				INFOPLIST_KEY_NSHumanReadableCopyright = "";
				INFOPLIST_KEY_SUEnableInstallerLauncherService = YES;
				INFOPLIST_KEY_SUEnableAutomaticChecks = YES;
				INFOPLIST_KEY_SUFeedURL = "$(SPARKLE_FEED_URL)";
				INFOPLIST_KEY_SUPublicEDKey = "$(SPARKLE_PUBLIC_ED_KEY)";
				LD_RUNPATH_SEARCH_PATHS = (
					"$(inherited)",
					"@executable_path/../Frameworks",
				);
				MARKETING_VERSION = 1.0.1;
				PRODUCT_BUNDLE_IDENTIFIER = com.tuimai.clipboard;
				PRODUCT_NAME = "$(TARGET_NAME)";
				REGISTER_APP_GROUPS = YES;
				SPARKLE_FEED_URL = "";
				SPARKLE_PUBLIC_ED_KEY = "";
				STRING_CATALOG_GENERATE_SYMBOLS = YES;
				SWIFT_APPROACHABLE_CONCURRENCY = YES;
				SWIFT_DEFAULT_ACTOR_ISOLATION = MainActor;
				SWIFT_EMIT_LOC_STRINGS = YES;
				SWIFT_UPCOMING_FEATURE_MEMBER_IMPORT_VISIBILITY = YES;
				SWIFT_VERSION = 5.0;
			};
			name = Release;
		};
		F38CF18F2FB2A07200DC8A0F /* Debug */ = {
			isa = XCBuildConfiguration;
			buildSettings = {
				BUNDLE_LOADER = "$(TEST_HOST)";
				CODE_SIGN_STYLE = Automatic;
				CURRENT_PROJECT_VERSION = 1;
				DEVELOPMENT_TEAM = LQ5TTAJ958;
				GENERATE_INFOPLIST_FILE = YES;
				MACOSX_DEPLOYMENT_TARGET = 26.4;
				MARKETING_VERSION = 1.0;
				PRODUCT_BUNDLE_IDENTIFIER = com.tuimai.clipboardTests;
				PRODUCT_NAME = "$(TARGET_NAME)";
				STRING_CATALOG_GENERATE_SYMBOLS = NO;
				SWIFT_APPROACHABLE_CONCURRENCY = YES;
				SWIFT_EMIT_LOC_STRINGS = NO;
				SWIFT_UPCOMING_FEATURE_MEMBER_IMPORT_VISIBILITY = YES;
				SWIFT_VERSION = 5.0;
				TEST_HOST = "$(BUILT_PRODUCTS_DIR)/clipboard.app/$(BUNDLE_EXECUTABLE_FOLDER_PATH)/clipboard";
			};
			name = Debug;
		};
		F38CF1902FB2A07200DC8A0F /* Release */ = {
			isa = XCBuildConfiguration;
			buildSettings = {
				BUNDLE_LOADER = "$(TEST_HOST)";
				CODE_SIGN_STYLE = Automatic;
				CURRENT_PROJECT_VERSION = 1;
				DEVELOPMENT_TEAM = LQ5TTAJ958;
				GENERATE_INFOPLIST_FILE = YES;
				MACOSX_DEPLOYMENT_TARGET = 26.4;
				MARKETING_VERSION = 1.0;
				PRODUCT_BUNDLE_IDENTIFIER = com.tuimai.clipboardTests;
				PRODUCT_NAME = "$(TARGET_NAME)";
				STRING_CATALOG_GENERATE_SYMBOLS = NO;
				SWIFT_APPROACHABLE_CONCURRENCY = YES;
				SWIFT_EMIT_LOC_STRINGS = NO;
				SWIFT_UPCOMING_FEATURE_MEMBER_IMPORT_VISIBILITY = YES;
				SWIFT_VERSION = 5.0;
				TEST_HOST = "$(BUILT_PRODUCTS_DIR)/clipboard.app/$(BUNDLE_EXECUTABLE_FOLDER_PATH)/clipboard";
			};
			name = Release;
		};
		F38CF1922FB2A07200DC8A0F /* Debug */ = {
			isa = XCBuildConfiguration;
			buildSettings = {
				CODE_SIGN_STYLE = Automatic;
				CURRENT_PROJECT_VERSION = 1;
				DEVELOPMENT_TEAM = LQ5TTAJ958;
				GENERATE_INFOPLIST_FILE = YES;
				MARKETING_VERSION = 1.0;
				PRODUCT_BUNDLE_IDENTIFIER = com.tuimai.clipboardUITests;
				PRODUCT_NAME = "$(TARGET_NAME)";
				STRING_CATALOG_GENERATE_SYMBOLS = NO;
				SWIFT_APPROACHABLE_CONCURRENCY = YES;
				SWIFT_EMIT_LOC_STRINGS = NO;
				SWIFT_UPCOMING_FEATURE_MEMBER_IMPORT_VISIBILITY = YES;
				SWIFT_VERSION = 5.0;
				TEST_TARGET_NAME = clipboard;
			};
			name = Debug;
		};
		F38CF1932FB2A07200DC8A0F /* Release */ = {
			isa = XCBuildConfiguration;
			buildSettings = {
				CODE_SIGN_STYLE = Automatic;
				CURRENT_PROJECT_VERSION = 1;
				DEVELOPMENT_TEAM = LQ5TTAJ958;
				GENERATE_INFOPLIST_FILE = YES;
				MARKETING_VERSION = 1.0;
				PRODUCT_BUNDLE_IDENTIFIER = com.tuimai.clipboardUITests;
				PRODUCT_NAME = "$(TARGET_NAME)";
				STRING_CATALOG_GENERATE_SYMBOLS = NO;
				SWIFT_APPROACHABLE_CONCURRENCY = YES;
				SWIFT_EMIT_LOC_STRINGS = NO;
				SWIFT_UPCOMING_FEATURE_MEMBER_IMPORT_VISIBILITY = YES;
				SWIFT_VERSION = 5.0;
				TEST_TARGET_NAME = clipboard;
			};
			name = Release;
		};
/* End XCBuildConfiguration section */

/* Begin XCConfigurationList section */
		F38CF1632FB2A07100DC8A0F /* Build configuration list for PBXProject "clipboard" */ = {
			isa = XCConfigurationList;
			buildConfigurations = (
				F38CF1892FB2A07200DC8A0F /* Debug */,
				F38CF18A2FB2A07200DC8A0F /* Release */,
			);
			defaultConfigurationIsVisible = 0;
			defaultConfigurationName = Release;
		};
		F38CF18B2FB2A07200DC8A0F /* Build configuration list for PBXNativeTarget "clipboard" */ = {
			isa = XCConfigurationList;
			buildConfigurations = (
				F38CF18C2FB2A07200DC8A0F /* Debug */,
				F38CF18D2FB2A07200DC8A0F /* Release */,
			);
			defaultConfigurationIsVisible = 0;
			defaultConfigurationName = Release;
		};
		F38CF18E2FB2A07200DC8A0F /* Build configuration list for PBXNativeTarget "clipboardTests" */ = {
			isa = XCConfigurationList;
			buildConfigurations = (
				F38CF18F2FB2A07200DC8A0F /* Debug */,
				F38CF1902FB2A07200DC8A0F /* Release */,
			);
			defaultConfigurationIsVisible = 0;
			defaultConfigurationName = Release;
		};
		F38CF1912FB2A07200DC8A0F /* Build configuration list for PBXNativeTarget "clipboardUITests" */ = {
			isa = XCConfigurationList;
			buildConfigurations = (
				F38CF1922FB2A07200DC8A0F /* Debug */,
				F38CF1932FB2A07200DC8A0F /* Release */,
			);
			defaultConfigurationIsVisible = 0;
			defaultConfigurationName = Release;
		};
/* End XCConfigurationList section */

/* Begin XCRemoteSwiftPackageReference section */
		F3A000022FB3000000DC8A0F /* XCRemoteSwiftPackageReference "Sparkle" */ = {
			isa = XCRemoteSwiftPackageReference;
			repositoryURL = "https://github.com/sparkle-project/Sparkle.git";
			requirement = {
				kind = upToNextMajorVersion;
				minimumVersion = 2.9.1;
			};
		};
/* End XCRemoteSwiftPackageReference section */

/* Begin XCSwiftPackageProductDependency section */
		F3A000002FB3000000DC8A0F /* Sparkle */ = {
			isa = XCSwiftPackageProductDependency;
			package = F3A000022FB3000000DC8A0F /* XCRemoteSwiftPackageReference "Sparkle" */;
			productName = Sparkle;
		};
/* End XCSwiftPackageProductDependency section */
	};
	rootObject = F38CF1602FB2A07100DC8A0F /* Project object */;
}
